
Microsoft Visual Studio Solution File, Format Version 12.00
# Visual Studio 15
VisualStudioVersion = 15.0.28307.168
MinimumVisualStudioVersion = 10.0.40219.1
Project("{F2A71F9B-5D33-465A-A702-920D77279786}") = "Topshelf.FSharp.Netstandard", "Topshelf.FSharp.Netstandard\Topshelf.FSharp.Netstandard.fsproj", "{32F723C7-CD60-439F-A1E6-E9949403DCE3}"
EndProject
Global
	GlobalSection(SolutionConfigurationPlatforms) = preSolution
		Debug|Any CPU = Debug|Any CPU
		Release|Any CPU = Release|Any CPU
	EndGlobalSection
	GlobalSection(ProjectConfigurationPlatforms) = postSolution
		{32F723C7-CD60-439F-A1E6-E9949403DCE3}.Debug|Any CPU.ActiveCfg = Debug|Any CPU
		{32F723C7-CD60-439F-A1E6-E9949403DCE3}.Debug|Any CPU.Build.0 = Debug|Any CPU
		{32F723C7-CD60-439F-A1E6-E9949403DCE3}.Release|Any CPU.ActiveCfg = Release|Any CPU
		{32F723C7-CD60-439F-A1E6-E9949403DCE3}.Release|Any CPU.Build.0 = Release|Any CPU
	EndGlobalSection
	GlobalSection(SolutionProperties) = preSolution
		HideSolutionNode = FALSE
	EndGlobalSection
	GlobalSection(ExtensibilityGlobals) = postSolution
		SolutionGuid = {C415346B-5874-4FE7-996A-D39366CE5058}
	EndGlobalSection
EndGlobal
